{
  "object": {
    "pins": [
      {
        "package": "COpenSSL",
        "repositoryURL": "https://github.com/PerfectlySoft/Perfect-COpenSSL.git",
        "state": {
          "branch": null,
          "revision": "6a2aafd5e233051deeaba27bdfe8c12d9fa88886",
          "version": "3.1.3"
        }
      },
      {
        "package": "PerfectCrypto",
        "repositoryURL": "https://github.com/PerfectlySoft/Perfect-Crypto.git",
        "state": {
          "branch": null,
          "revision": "18c46956149f9550e1b9540dd84536625284ac29",
          "version": "3.1.1"
        }
      },
      {
        "package": "PerfectCZlib",
        "repositoryURL": "https://github.com/PerfectlySoft/Perfect-CZlib-src.git",
        "state": {
          "branch": null,
          "revision": "b63e46909aad937c6434766f8f8c6720d8f3bd05",
          "version": "0.0.4"
        }
      },
      {
        "package": "PerfectHTTP",
        "repositoryURL": "https://github.com/PerfectlySoft/Perfect-HTTP.git",
        "state": {
          "branch": null,
          "revision": "1800d923271679170f9beef030566c7290a2d170",
          "version": "3.0.12"
        }
      },
      {
        "package": "PerfectHTTPServer",
        "repositoryURL": "https://github.com/PerfectlySoft/Perfect-HTTPServer.git",
        "state": {
          "branch": null,
          "revision": "6b59c578305472d6f83f3e118232f8ca1f4499e7",
          "version": "3.0.15"
        }
      },
      {
        "package": "PerfectNet",
        "repositoryURL": "https://github.com/PerfectlySoft/Perfect-Net.git",
        "state": {
          "branch": null,
          "revision": "21250368100e46319184b21c5d4150993b11f674",
          "version": "3.1.3"
        }
      },
      {
        "package": "PerfectThread",
        "repositoryURL": "https://github.com/PerfectlySoft/Perfect-Thread.git",
        "state": {
          "branch": null,
          "revision": "d783048201086dc2cdc08627041e5001157db7f3",
          "version": "3.0.4"
        }
      },
      {
        "package": "PerfectLib",
        "repositoryURL": "https://github.com/PerfectlySoft/PerfectLib.git",
        "state": {
          "branch": null,
          "revision": "acc5d2adf72e26b8a188ccc93ec65ca64276f354",
          "version": "3.0.5"
        }
      }
    ]
  },
  "version": 1
}
