{
  "object": {
    "pins": [
      {
        "package": "COpenSSL",
        "repositoryURL": "https://github.com/PerfectlySoft/Perfect-COpenSSL.git",
        "state": {
          "branch": null,
          "revision": "b8bd953a390940b486ce8119a61c8d5ad9d5c31c",
          "version": "3.1.5"
        }
      },
      {
        "package": "PerfectCrypto",
        "repositoryURL": "https://github.com/PerfectlySoft/Perfect-Crypto.git",
        "state": {
          "branch": null,
          "revision": "54e0f7c2a9d7355fca3c23e0f88096ac3765e08b",
          "version": "3.1.2"
        }
      },
      {
        "package": "PerfectCZlib",
        "repositoryURL": "https://github.com/PerfectlySoft/Perfect-CZlib-src.git",
        "state": {
          "branch": null,
          "revision": "b63e46909aad937c6434766f8f8c6720d8f3bd05",
          "version": "0.0.4"
        }
      },
      {
        "package": "PerfectHTTP",
        "repositoryURL": "https://github.com/PerfectlySoft/Perfect-HTTP.git",
        "state": {
          "branch": null,
          "revision": "5ad1f4bb8f60447f308b8d8d35289c5a1d74c54f",
          "version": "3.1.3"
        }
      },
      {
        "package": "PerfectHTTPServer",
        "repositoryURL": "https://github.com/PerfectlySoft/Perfect-HTTPServer.git",
        "state": {
          "branch": null,
          "revision": "9b31c02d5acfbd381dbfd944ec4cef2870854186",
          "version": "3.0.18"
        }
      },
      {
        "package": "PerfectNet",
        "repositoryURL": "https://github.com/PerfectlySoft/Perfect-Net.git",
        "state": {
          "branch": null,
          "revision": "32cf5846ce212bf6aa2cb9d27a9b4f230355c1f9",
          "version": "3.2.0"
        }
      },
      {
        "package": "PerfectThread",
        "repositoryURL": "https://github.com/PerfectlySoft/Perfect-Thread.git",
        "state": {
          "branch": null,
          "revision": "04fcd2d29f50e05dbca907219322fd475c205c33",
          "version": "3.0.5"
        }
      },
      {
        "package": "PerfectLib",
        "repositoryURL": "https://github.com/PerfectlySoft/PerfectLib.git",
        "state": {
          "branch": null,
          "revision": "cdc17d544ec8e87da5f3b24cdbda8d02d77bb943",
          "version": "3.1.1"
        }
      }
    ]
  },
  "version": 1
}
